
Microsoft Visual Studio Solution File, Format Version 12.00
# Visual Studio Version 17
VisualStudioVersion = 17.7.34031.279
MinimumVisualStudioVersion = 10.0.40219.1
Project("{FAE04EC0-301F-11D3-BF4B-00C04F79EFBC}") = "SistemaVeterinaria", "SistemaVeterinaria.csproj", "{8483C40C-0D9A-484D-9F2E-FC475AEB0BA4}"
EndProject
Global
	GlobalSection(SolutionConfigurationPlatforms) = preSolution
		Debug|Any CPU = Debug|Any CPU
		Release|Any CPU = Release|Any CPU
	EndGlobalSection
	GlobalSection(ProjectConfigurationPlatforms) = postSolution
		{8483C40C-0D9A-484D-9F2E-FC475AEB0BA4}.Debug|Any CPU.ActiveCfg = Debug|Any CPU
		{8483C40C-0D9A-484D-9F2E-FC475AEB0BA4}.Debug|Any CPU.Build.0 = Debug|Any CPU
		{8483C40C-0D9A-484D-9F2E-FC475AEB0BA4}.Release|Any CPU.ActiveCfg = Release|Any CPU
		{8483C40C-0D9A-484D-9F2E-FC475AEB0BA4}.Release|Any CPU.Build.0 = Release|Any CPU
	EndGlobalSection
	GlobalSection(SolutionProperties) = preSolution
		HideSolutionNode = FALSE
	EndGlobalSection
	GlobalSection(ExtensibilityGlobals) = postSolution
		SolutionGuid = {37FB09F5-65F3-4143-9049-A9C5E1D1EDBC}
	EndGlobalSection
EndGlobal
